
Microsoft Visual Studio Solution File, Format Version 12.00
# Visual Studio Version 17
VisualStudioVersion = 17.11.35327.3
MinimumVisualStudioVersion = 10.0.40219.1
Project("{FAE04EC0-301F-11D3-BF4B-00C04F79EFBC}") = "backend_formulario_vacaciones", "backend_formulario_vacaciones\backend_formulario_vacaciones.csproj", "{7684D5F2-4C74-4335-B303-E7482A9D3C02}"
EndProject
Global
	GlobalSection(SolutionConfigurationPlatforms) = preSolution
		Debug|Any CPU = Debug|Any CPU
		Release|Any CPU = Release|Any CPU
	EndGlobalSection
	GlobalSection(ProjectConfigurationPlatforms) = postSolution
		{7684D5F2-4C74-4335-B303-E7482A9D3C02}.Debug|Any CPU.ActiveCfg = Debug|Any CPU
		{7684D5F2-4C74-4335-B303-E7482A9D3C02}.Debug|Any CPU.Build.0 = Debug|Any CPU
		{7684D5F2-4C74-4335-B303-E7482A9D3C02}.Release|Any CPU.ActiveCfg = Release|Any CPU
		{7684D5F2-4C74-4335-B303-E7482A9D3C02}.Release|Any CPU.Build.0 = Release|Any CPU
	EndGlobalSection
	GlobalSection(SolutionProperties) = preSolution
		HideSolutionNode = FALSE
	EndGlobalSection
	GlobalSection(ExtensibilityGlobals) = postSolution
		SolutionGuid = {3630355A-E192-4F35-B34E-161B93181761}
	EndGlobalSection
EndGlobal
